
Microsoft Visual Studio Solution File, Format Version 12.00
# Visual Studio Version 17
VisualStudioVersion = 17.9.34902.65
MinimumVisualStudioVersion = 10.0.40219.1
Project("{FAE04EC0-301F-11D3-BF4B-00C04F79EFBC}") = "Installer", "Installer.csproj", "{CADAA2BC-246B-4B08-A0DF-3B3B39A82864}"
EndProject
Global
	GlobalSection(SolutionConfigurationPlatforms) = preSolution
		Debug|Any CPU = Debug|Any CPU
		Release|Any CPU = Release|Any CPU
	EndGlobalSection
	GlobalSection(ProjectConfigurationPlatforms) = postSolution
		{CADAA2BC-246B-4B08-A0DF-3B3B39A82864}.Debug|Any CPU.ActiveCfg = Debug|Any CPU
		{CADAA2BC-246B-4B08-A0DF-3B3B39A82864}.Debug|Any CPU.Build.0 = Debug|Any CPU
		{CADAA2BC-246B-4B08-A0DF-3B3B39A82864}.Release|Any CPU.ActiveCfg = Release|Any CPU
		{CADAA2BC-246B-4B08-A0DF-3B3B39A82864}.Release|Any CPU.Build.0 = Release|Any CPU
	EndGlobalSection
	GlobalSection(SolutionProperties) = preSolution
		HideSolutionNode = FALSE
	EndGlobalSection
	GlobalSection(ExtensibilityGlobals) = postSolution
		SolutionGuid = {77BAE85E-D106-481F-AFFB-25DC06D4C4B4}
	EndGlobalSection
EndGlobal
