
Microsoft Visual Studio Solution File, Format Version 12.00
# Visual Studio Version 17
VisualStudioVersion = 17.9.34902.65
MinimumVisualStudioVersion = 10.0.40219.1
Project("{9A19103F-16F7-4668-BE54-9A1E7A4F7556}") = "Installer", "Installer.csproj", "{CADAA2BC-246B-4B08-A0DF-3B3B39A82864}"
EndProject
Global
	GlobalSection(SolutionConfigurationPlatforms) = preSolution
		Debug|Any CPU = Debug|Any CPU
		Debug|ARM32 = Debug|ARM32
		Debug|x86 = Debug|x86
		Release|Any CPU = Release|Any CPU
		Release|ARM32 = Release|ARM32
		Release|x86 = Release|x86
	EndGlobalSection
	GlobalSection(ProjectConfigurationPlatforms) = postSolution
		{CADAA2BC-246B-4B08-A0DF-3B3B39A82864}.Debug|Any CPU.ActiveCfg = Debug|Any CPU
		{CADAA2BC-246B-4B08-A0DF-3B3B39A82864}.Debug|Any CPU.Build.0 = Debug|Any CPU
		{CADAA2BC-246B-4B08-A0DF-3B3B39A82864}.Debug|ARM32.ActiveCfg = Debug|ARM32
		{CADAA2BC-246B-4B08-A0DF-3B3B39A82864}.Debug|ARM32.Build.0 = Debug|ARM32
		{CADAA2BC-246B-4B08-A0DF-3B3B39A82864}.Debug|x86.ActiveCfg = Debug|x86
		{CADAA2BC-246B-4B08-A0DF-3B3B39A82864}.Debug|x86.Build.0 = Debug|x86
		{CADAA2BC-246B-4B08-A0DF-3B3B39A82864}.Release|Any CPU.ActiveCfg = Release|Any CPU
		{CADAA2BC-246B-4B08-A0DF-3B3B39A82864}.Release|Any CPU.Build.0 = Release|Any CPU
		{CADAA2BC-246B-4B08-A0DF-3B3B39A82864}.Release|ARM32.ActiveCfg = Release|Any CPU
		{CADAA2BC-246B-4B08-A0DF-3B3B39A82864}.Release|ARM32.Build.0 = Release|Any CPU
		{CADAA2BC-246B-4B08-A0DF-3B3B39A82864}.Release|x86.ActiveCfg = Release|Any CPU
		{CADAA2BC-246B-4B08-A0DF-3B3B39A82864}.Release|x86.Build.0 = Release|Any CPU
	EndGlobalSection
	GlobalSection(SolutionProperties) = preSolution
		HideSolutionNode = FALSE
	EndGlobalSection
	GlobalSection(ExtensibilityGlobals) = postSolution
		SolutionGuid = {77BAE85E-D106-481F-AFFB-25DC06D4C4B4}
	EndGlobalSection
EndGlobal
